
Microsoft Visual Studio Solution File, Format Version 12.00
# Visual Studio Version 16
VisualStudioVersion = 16.0.30907.101
MinimumVisualStudioVersion = 10.0.40219.1
Project("{FAE04EC0-301F-11D3-BF4B-00C04F79EFBC}") = "municipalities-report", "municipalities-report\municipalities-report.csproj", "{FB23E0D0-33FE-4D84-8C3D-E729052A56D1}"
EndProject
Global
	GlobalSection(SolutionConfigurationPlatforms) = preSolution
		Debug|Any CPU = Debug|Any CPU
		Release|Any CPU = Release|Any CPU
	EndGlobalSection
	GlobalSection(ProjectConfigurationPlatforms) = postSolution
		{FB23E0D0-33FE-4D84-8C3D-E729052A56D1}.Debug|Any CPU.ActiveCfg = Debug|Any CPU
		{FB23E0D0-33FE-4D84-8C3D-E729052A56D1}.Debug|Any CPU.Build.0 = Debug|Any CPU
		{FB23E0D0-33FE-4D84-8C3D-E729052A56D1}.Release|Any CPU.ActiveCfg = Release|Any CPU
		{FB23E0D0-33FE-4D84-8C3D-E729052A56D1}.Release|Any CPU.Build.0 = Release|Any CPU
	EndGlobalSection
	GlobalSection(SolutionProperties) = preSolution
		HideSolutionNode = FALSE
	EndGlobalSection
	GlobalSection(ExtensibilityGlobals) = postSolution
		SolutionGuid = {CA7B005D-3B2D-47D7-9E15-08CEB391BFB1}
	EndGlobalSection
EndGlobal
